{
  "name": "hamiltonwood-dev",
  "version": "1.0.0",
  "lockfileVersion": 2,
  "requires": true,
  "packages": {
    "": {
      "name": "hamiltonwood-dev",
      "version": "1.0.0",
      "license": "ISC",
      "dependencies": {
        "colorize": "git+ssh://git@github.com:the-type-founders/colorize.git#v1.0.2"
      }
    },
    "node_modules/colorize": {
      "name": "colorizer",
      "version": "1.0.0",
      "resolved": "git+ssh://git@github.com/the-type-founders/colorize.git#4f36f90599ddab94070a5a3cb9828aab9dbe91bf",
      "license": "ISC",
      "dependencies": {
        "fast-xml-parser": "^4.0.7"
      },
      "bin": {
        "colorize.js": "bin/colorize.js",
        "merge.js": "bin/merge.js",
        "palette.js": "bin/palette.js"
      }
    },
    "node_modules/fast-xml-parser": {
      "version": "4.0.9",
      "resolved": "https://registry.npmjs.org/fast-xml-parser/-/fast-xml-parser-4.0.9.tgz",
      "integrity": "sha512-4G8EzDg2Nb1Qurs3f7BpFV4+jpMVsdgLVuG1Uv8O2OHJfVCg7gcA53obuKbmVqzd4Y7YXVBK05oJG7hzGIdyzg==",
      "dependencies": {
        "strnum": "^1.0.5"
      },
      "bin": {
        "fxparser": "src/cli/cli.js"
      },
      "funding": {
        "type": "paypal",
        "url": "https://paypal.me/naturalintelligence"
      }
    },
    "node_modules/strnum": {
      "version": "1.0.5",
      "resolved": "https://registry.npmjs.org/strnum/-/strnum-1.0.5.tgz",
      "integrity": "sha512-J8bbNyKKXl5qYcR36TIO8W3mVGVHrmmxsd5PAItGkmyzwJvybiw2IVq5nqd0i4LSNSkB/sx9VHllbfFdr9k1JA=="
    }
  },
  "dependencies": {
    "colorize": {
      "version": "git+ssh://git@github.com/the-type-founders/colorize.git#4f36f90599ddab94070a5a3cb9828aab9dbe91bf",
      "from": "colorize@git+ssh://git@github.com:the-type-founders/colorize.git#v1.0.2",
      "requires": {
        "fast-xml-parser": "^4.0.7"
      }
    },
    "fast-xml-parser": {
      "version": "4.0.9",
      "resolved": "https://registry.npmjs.org/fast-xml-parser/-/fast-xml-parser-4.0.9.tgz",
      "integrity": "sha512-4G8EzDg2Nb1Qurs3f7BpFV4+jpMVsdgLVuG1Uv8O2OHJfVCg7gcA53obuKbmVqzd4Y7YXVBK05oJG7hzGIdyzg==",
      "requires": {
        "strnum": "^1.0.5"
      }
    },
    "strnum": {
      "version": "1.0.5",
      "resolved": "https://registry.npmjs.org/strnum/-/strnum-1.0.5.tgz",
      "integrity": "sha512-J8bbNyKKXl5qYcR36TIO8W3mVGVHrmmxsd5PAItGkmyzwJvybiw2IVq5nqd0i4LSNSkB/sx9VHllbfFdr9k1JA=="
    }
  }
}
